<?xml version="1.0" encoding="utf-8"?>
<Project ToolsVersion="4.0" xmlns="http://schemas.microsoft.com/developer/msbuild/2003">
  <ItemGroup>
    <Filter Include="Source Files">
      <UniqueIdentifier>{4FC737F1-C7A5-4376-A066-2A32D752A2FF}</UniqueIdentifier>
      <Extensions>cpp;c;cc;cxx;def;odl;idl;hpj;bat;asm;asmx</Extensions>
    </Filter>
    <Filter Include="Header Files">
      <UniqueIdentifier>{93995380-89BD-4b04-88EB-625FBE52EBFB}</UniqueIdentifier>
      <Extensions>h;hpp;hxx;hm;inl;inc;xsd</Extensions>
    </Filter>
    <Filter Include="Resource Files">
      <UniqueIdentifier>{67DA6AB6-F800-4c08-8B7A-83BB121AAD01}</UniqueIdentifier>
      <Extensions>rc;ico;cur;bmp;dlg;rc2;rct;bin;rgs;gif;jpg;jpeg;jpe;resx;tiff;tif;png;wav</Extensions>
    </Filter>
  </ItemGroup>
  <ItemGroup>
    <ClCompile Include="AboutBoxSummary.cpp">
      <Filter>Source Files</Filter>
    </ClCompile>
    <ClCompile Include="aboutcopyrightpage.cpp">
      <Filter>Source Files</Filter>
    </ClCompile>
    <ClCompile Include="AboutCreditsDialog.cpp">
      <Filter>Source Files</Filter>
    </ClCompile>
    <ClCompile Include="AboutSheet.cpp">
      <Filter>Source Files</Filter>
    </ClCompile>
    <ClCompile Include="AboutWeb.cpp">
      <Filter>Source Files</Filter>
    </ClCompile>
    <ClCompile Include="AgeColorHelper.cpp">
      <Filter>Source Files</Filter>
    </ClCompile>
    <ClCompile Include="AgeColorPage.cpp">
      <Filter>Source Files</Filter>
    </ClCompile>
    <ClCompile Include="BlunderDialog.cpp">
      <Filter>Source Files</Filter>
    </ClCompile>
    <ClCompile Include="Bookmark.cpp">
      <Filter>Source Files</Filter>
    </ClCompile>
    <ClCompile Include="BookmarkDialog.cpp">
      <Filter>Source Files</Filter>
    </ClCompile>
    <ClCompile Include="CenterPage.cpp">
      <Filter>Source Files</Filter>
    </ClCompile>
    <ClCompile Include="CenterStationNameDialog.cpp">
      <Filter>Source Files</Filter>
    </ClCompile>
    <ClCompile Include="Clipboard.cpp">
      <Filter>Source Files</Filter>
    </ClCompile>
    <ClCompile Include="ColorSchemeComboBox.cpp">
      <Filter>Source Files</Filter>
    </ClCompile>
    <ClCompile Include="ColorSheet.cpp">
      <Filter>Source Files</Filter>
    </ClCompile>
    <ClCompile Include="ColorTool.cpp">
      <Filter>Source Files</Filter>
    </ClCompile>
    <ClCompile Include="ColorWidget.cpp">
      <Filter>Source Files</Filter>
    </ClCompile>
    <ClCompile Include="Comment.cpp">
      <Filter>Source Files</Filter>
    </ClCompile>
    <ClCompile Include="CompassWidget.cpp">
      <Filter>Source Files</Filter>
    </ClCompile>
    <ClCompile Include="DebugStationLinksDialog.cpp">
      <Filter>Source Files</Filter>
    </ClCompile>
    <ClCompile Include="DepthColorHelperDialog.cpp">
      <Filter>Source Files</Filter>
    </ClCompile>
    <ClCompile Include="DepthColorPage.cpp">
      <Filter>Source Files</Filter>
    </ClCompile>
    <ClCompile Include="DepthLevelDialog.cpp">
      <Filter>Source Files</Filter>
    </ClCompile>
    <ClCompile Include="DistanceBetweenDialog.cpp">
      <Filter>Source Files</Filter>
    </ClCompile>
    <ClCompile Include="EditFixedPointDialog.cpp">
      <Filter>Source Files</Filter>
    </ClCompile>
    <ClCompile Include="FileDump.cpp">
      <Filter>Source Files</Filter>
    </ClCompile>
    <ClCompile Include="FileHelper.cpp">
      <Filter>Source Files</Filter>
    </ClCompile>
    <ClCompile Include="FixedPoint.cpp">
      <Filter>Source Files</Filter>
    </ClCompile>
    <ClCompile Include="Folder.cpp">
      <Filter>Source Files</Filter>
    </ClCompile>
    <ClCompile Include="FolderInfoDlg.cpp">
      <Filter>Source Files</Filter>
    </ClCompile>
    <ClCompile Include="Font.cpp">
      <Filter>Source Files</Filter>
    </ClCompile>
    <ClCompile Include="Gworld.cpp">
      <Filter>Source Files</Filter>
    </ClCompile>
    <ClCompile Include="GworldOpengl.cpp">
      <Filter>Source Files</Filter>
    </ClCompile>
    <ClCompile Include="Hitlist.cpp">
      <Filter>Source Files</Filter>
    </ClCompile>
    <ClCompile Include="InfoByViewDialog.cpp">
      <Filter>Source Files</Filter>
    </ClCompile>
    <ClCompile Include="Jpclose.cpp">
      <Filter>Source Files</Filter>
    </ClCompile>
    <ClCompile Include="JunctionBox.cpp">
      <Filter>Source Files</Filter>
    </ClCompile>
    <ClCompile Include="legeditorsettingspage.cpp">
      <Filter>Source Files</Filter>
    </ClCompile>
    <ClCompile Include="legeditsheet.cpp">
      <Filter>Source Files</Filter>
    </ClCompile>
    <ClCompile Include="leggridpage.cpp">
      <Filter>Source Files</Filter>
    </ClCompile>
    <ClCompile Include="leginstrumentspage.cpp">
      <Filter>Source Files</Filter>
    </ClCompile>
    <ClCompile Include="legpeoplepage.cpp">
      <Filter>Source Files</Filter>
    </ClCompile>
    <ClCompile Include="legquery.cpp">
      <Filter>Source Files</Filter>
    </ClCompile>
    <ClCompile Include="legsummarypage.cpp">
      <Filter>Source Files</Filter>
    </ClCompile>
    <ClCompile Include="MainFrm.cpp">
      <Filter>Source Files</Filter>
    </ClCompile>
    <ClCompile Include="MathStuff.cpp">
      <Filter>Source Files</Filter>
    </ClCompile>
    <ClCompile Include="NameList.cpp">
      <Filter>Source Files</Filter>
    </ClCompile>
    <ClCompile Include="NewFolderDlg.cpp">
      <Filter>Source Files</Filter>
    </ClCompile>
    <ClCompile Include="Node.cpp">
      <Filter>Source Files</Filter>
    </ClCompile>
    <ClCompile Include="NodePositionInfo.cpp">
      <Filter>Source Files</Filter>
    </ClCompile>
    <ClCompile Include="Nodetree.cpp">
      <Filter>Source Files</Filter>
    </ClCompile>
    <ClCompile Include="OnStation.cpp">
      <Filter>Source Files</Filter>
    </ClCompile>
    <ClCompile Include="OnStationDoc.cpp">
      <Filter>Source Files</Filter>
    </ClCompile>
    <ClCompile Include="OnStationSurveyTree.cpp">
      <Filter>Source Files</Filter>
    </ClCompile>
    <ClCompile Include="OnStationView.cpp">
      <Filter>Source Files</Filter>
    </ClCompile>
    <ClCompile Include="OrphanedShotDialog.cpp">
      <Filter>Source Files</Filter>
    </ClCompile>
    <ClCompile Include="OverallDataView.cpp">
      <Filter>Source Files</Filter>
    </ClCompile>
    <ClCompile Include="PageLayoutPreferences.cpp">
      <Filter>Source Files</Filter>
    </ClCompile>
    <ClCompile Include="PassageOptions.cpp">
      <Filter>Source Files</Filter>
    </ClCompile>
    <ClCompile Include="picture.cpp">
      <Filter>Source Files</Filter>
    </ClCompile>
    <ClCompile Include="Preferences.cpp">
      <Filter>Source Files</Filter>
    </ClCompile>
    <ClCompile Include="query.cpp">
      <Filter>Source Files</Filter>
    </ClCompile>
    <ClCompile Include="realfolder.cpp">
      <Filter>Source Files</Filter>
    </ClCompile>
    <ClCompile Include="Ruler.cpp">
      <Filter>Source Files</Filter>
    </ClCompile>
    <ClCompile Include="saveformattedtext.cpp">
      <Filter>Source Files</Filter>
    </ClCompile>
    <ClCompile Include="SearchCommentsDialog.cpp">
      <Filter>Source Files</Filter>
    </ClCompile>
    <ClCompile Include="searchresultdlg.cpp">
      <Filter>Source Files</Filter>
    </ClCompile>
    <ClCompile Include="SetExactViewSheet.cpp">
      <Filter>Source Files</Filter>
    </ClCompile>
    <ClCompile Include="Settings.cpp">
      <Filter>Source Files</Filter>
    </ClCompile>
    <ClCompile Include="Splash.cpp">
      <Filter>Source Files</Filter>
    </ClCompile>
    <ClCompile Include="stdafx.cpp">
      <Filter>Source Files</Filter>
    </ClCompile>
    <ClCompile Include="surfacedata.cpp">
      <Filter>Source Files</Filter>
    </ClCompile>
    <ClCompile Include="surfaceeditpage.cpp">
      <Filter>Source Files</Filter>
    </ClCompile>
    <ClCompile Include="surfacepropertysheet.cpp">
      <Filter>Source Files</Filter>
    </ClCompile>
    <ClCompile Include="surfacesizepage.cpp">
      <Filter>Source Files</Filter>
    </ClCompile>
    <ClCompile Include="surveyleg.cpp">
      <Filter>Source Files</Filter>
    </ClCompile>
    <ClCompile Include="SurveySearchDialog.cpp">
      <Filter>Source Files</Filter>
    </ClCompile>
    <ClCompile Include="surveyshot.cpp">
      <Filter>Source Files</Filter>
    </ClCompile>
    <ClCompile Include="TipDialog.cpp">
      <Filter>Source Files</Filter>
    </ClCompile>
    <ClCompile Include="TitleBoxSetup.cpp">
      <Filter>Source Files</Filter>
    </ClCompile>
    <ClCompile Include="TreeHelper.cpp">
      <Filter>Source Files</Filter>
    </ClCompile>
    <ClCompile Include="viewanglepage.cpp">
      <Filter>Source Files</Filter>
    </ClCompile>
    <ClCompile Include="ViewScalePage.cpp">
      <Filter>Source Files</Filter>
    </ClCompile>
    <ClCompile Include="Viewtab.cpp">
      <Filter>Source Files</Filter>
    </ClCompile>
    <ClCompile Include="WaitForClosureDialog.cpp">
      <Filter>Source Files</Filter>
    </ClCompile>
    <ClCompile Include="GridCtrl\GridCell.cpp">
      <Filter>Source Files</Filter>
    </ClCompile>
    <ClCompile Include="GridCtrl\GridCellBase.cpp">
      <Filter>Source Files</Filter>
    </ClCompile>
    <ClCompile Include="GridCtrl\GridDropTarget.cpp">
      <Filter>Source Files</Filter>
    </ClCompile>
    <ClCompile Include="GridCtrl\InPlaceEdit.cpp">
      <Filter>Source Files</Filter>
    </ClCompile>
    <ClCompile Include="GridCtrl\TitleTip.cpp">
      <Filter>Source Files</Filter>
    </ClCompile>
    <ClCompile Include="GridCtrl\GridCtrl.cpp">
      <Filter>Source Files</Filter>
    </ClCompile>
    <ClCompile Include="EditableGrid.cpp">
      <Filter>Source Files</Filter>
    </ClCompile>
  </ItemGroup>
  <ItemGroup>
    <ClInclude Include="AboutBoxSummary.h">
      <Filter>Header Files</Filter>
    </ClInclude>
    <ClInclude Include="AboutCopyrightPage.h">
      <Filter>Header Files</Filter>
    </ClInclude>
    <ClInclude Include="AboutCreditsDialog.h">
      <Filter>Header Files</Filter>
    </ClInclude>
    <ClInclude Include="AboutSheet.h">
      <Filter>Header Files</Filter>
    </ClInclude>
    <ClInclude Include="AboutWeb.h">
      <Filter>Header Files</Filter>
    </ClInclude>
    <ClInclude Include="AgeColorHelper.h">
      <Filter>Header Files</Filter>
    </ClInclude>
    <ClInclude Include="AgeColorPage.h">
      <Filter>Header Files</Filter>
    </ClInclude>
    <ClInclude Include="BlunderDialog.h">
      <Filter>Header Files</Filter>
    </ClInclude>
    <ClInclude Include="Bookmark.h">
      <Filter>Header Files</Filter>
    </ClInclude>
    <ClInclude Include="BookmarkDialog.h">
      <Filter>Header Files</Filter>
    </ClInclude>
    <ClInclude Include="CenterPage.h">
      <Filter>Header Files</Filter>
    </ClInclude>
    <ClInclude Include="CenterStationNameDialog.h">
      <Filter>Header Files</Filter>
    </ClInclude>
    <ClInclude Include="Clipboard.h">
      <Filter>Header Files</Filter>
    </ClInclude>
    <ClInclude Include="ColorSchemeComboBox.h">
      <Filter>Header Files</Filter>
    </ClInclude>
    <ClInclude Include="ColorSheet.h">
      <Filter>Header Files</Filter>
    </ClInclude>
    <ClInclude Include="ColorTool.h">
      <Filter>Header Files</Filter>
    </ClInclude>
    <ClInclude Include="ColorWidget.h">
      <Filter>Header Files</Filter>
    </ClInclude>
    <ClInclude Include="Comment.h">
      <Filter>Header Files</Filter>
    </ClInclude>
    <ClInclude Include="CompassWidget.h">
      <Filter>Header Files</Filter>
    </ClInclude>
    <ClInclude Include="DebugStationLinksDialog.h">
      <Filter>Header Files</Filter>
    </ClInclude>
    <ClInclude Include="DepthColorHelperDialog.h">
      <Filter>Header Files</Filter>
    </ClInclude>
    <ClInclude Include="DepthColorPage.h">
      <Filter>Header Files</Filter>
    </ClInclude>
    <ClInclude Include="DepthLevelDialog.h">
      <Filter>Header Files</Filter>
    </ClInclude>
    <ClInclude Include="DistanceBetweenDialog.h">
      <Filter>Header Files</Filter>
    </ClInclude>
    <ClInclude Include="EditFixedPointDialog.h">
      <Filter>Header Files</Filter>
    </ClInclude>
    <ClInclude Include="FileDump.h">
      <Filter>Header Files</Filter>
    </ClInclude>
    <ClInclude Include="FileHelper.h">
      <Filter>Header Files</Filter>
    </ClInclude>
    <ClInclude Include="FixedPoint.h">
      <Filter>Header Files</Filter>
    </ClInclude>
    <ClInclude Include="Folder.h">
      <Filter>Header Files</Filter>
    </ClInclude>
    <ClInclude Include="FolderInfoDlg.h">
      <Filter>Header Files</Filter>
    </ClInclude>
    <ClInclude Include="Font.h">
      <Filter>Header Files</Filter>
    </ClInclude>
    <ClInclude Include="GlobalConfig.h">
      <Filter>Header Files</Filter>
    </ClInclude>
    <ClInclude Include="Gworld.h">
      <Filter>Header Files</Filter>
    </ClInclude>
    <ClInclude Include="GworldOpengl.h">
      <Filter>Header Files</Filter>
    </ClInclude>
    <ClInclude Include="Hitlist.h">
      <Filter>Header Files</Filter>
    </ClInclude>
    <ClInclude Include="InfoByViewDialog.h">
      <Filter>Header Files</Filter>
    </ClInclude>
    <ClInclude Include="Jpclose.h">
      <Filter>Header Files</Filter>
    </ClInclude>
    <ClInclude Include="JunctionBox.h">
      <Filter>Header Files</Filter>
    </ClInclude>
    <ClInclude Include="LanguageHelper.h">
      <Filter>Header Files</Filter>
    </ClInclude>
    <ClInclude Include="legeditorsettingspage.h">
      <Filter>Header Files</Filter>
    </ClInclude>
    <ClInclude Include="legeditsheet.h">
      <Filter>Header Files</Filter>
    </ClInclude>
    <ClInclude Include="leggridpage.h">
      <Filter>Header Files</Filter>
    </ClInclude>
    <ClInclude Include="leginstrumentspage.h">
      <Filter>Header Files</Filter>
    </ClInclude>
    <ClInclude Include="legpeoplepage.h">
      <Filter>Header Files</Filter>
    </ClInclude>
    <ClInclude Include="legpreviewpage.h">
      <Filter>Header Files</Filter>
    </ClInclude>
    <ClInclude Include="legquery.h">
      <Filter>Header Files</Filter>
    </ClInclude>
    <ClInclude Include="legsummarypage.h">
      <Filter>Header Files</Filter>
    </ClInclude>
    <ClInclude Include="MainFrm.h">
      <Filter>Header Files</Filter>
    </ClInclude>
    <ClInclude Include="MathStuff.h">
      <Filter>Header Files</Filter>
    </ClInclude>
    <ClInclude Include="myafxres.h">
      <Filter>Header Files</Filter>
    </ClInclude>
    <ClInclude Include="NameList.h">
      <Filter>Header Files</Filter>
    </ClInclude>
    <ClInclude Include="NewFolderDlg.h">
      <Filter>Header Files</Filter>
    </ClInclude>
    <ClInclude Include="Node.h">
      <Filter>Header Files</Filter>
    </ClInclude>
    <ClInclude Include="NodePositionInfo.h">
      <Filter>Header Files</Filter>
    </ClInclude>
    <ClInclude Include="NodeTree.h">
      <Filter>Header Files</Filter>
    </ClInclude>
    <ClInclude Include="OnStation.h">
      <Filter>Header Files</Filter>
    </ClInclude>
    <ClInclude Include="OnStationDoc.h">
      <Filter>Header Files</Filter>
    </ClInclude>
    <ClInclude Include="OnStationSurveyTree.h">
      <Filter>Header Files</Filter>
    </ClInclude>
    <ClInclude Include="OnStationView.h">
      <Filter>Header Files</Filter>
    </ClInclude>
    <ClInclude Include="OrphanedShotDialog.h">
      <Filter>Header Files</Filter>
    </ClInclude>
    <ClInclude Include="OverallDataView.h">
      <Filter>Header Files</Filter>
    </ClInclude>
    <ClInclude Include="PageLayoutPreferences.h">
      <Filter>Header Files</Filter>
    </ClInclude>
    <ClInclude Include="PassageOptions.h">
      <Filter>Header Files</Filter>
    </ClInclude>
    <ClInclude Include="PassageViewDialog.h">
      <Filter>Header Files</Filter>
    </ClInclude>
    <ClInclude Include="picture.h">
      <Filter>Header Files</Filter>
    </ClInclude>
    <ClInclude Include="Preferences.h">
      <Filter>Header Files</Filter>
    </ClInclude>
    <ClInclude Include="query.h">
      <Filter>Header Files</Filter>
    </ClInclude>
    <ClInclude Include="realfolder.h">
      <Filter>Header Files</Filter>
    </ClInclude>
    <ClInclude Include="Ruler.h">
      <Filter>Header Files</Filter>
    </ClInclude>
    <ClInclude Include="saveformattedtext.h">
      <Filter>Header Files</Filter>
    </ClInclude>
    <ClInclude Include="SearchCommentsDialog.h">
      <Filter>Header Files</Filter>
    </ClInclude>
    <ClInclude Include="searchresultdlg.h">
      <Filter>Header Files</Filter>
    </ClInclude>
    <ClInclude Include="sefhelper.h">
      <Filter>Header Files</Filter>
    </ClInclude>
    <ClInclude Include="SetExactViewSheet.h">
      <Filter>Header Files</Filter>
    </ClInclude>
    <ClInclude Include="Settings.h">
      <Filter>Header Files</Filter>
    </ClInclude>
    <ClInclude Include="Splash.h">
      <Filter>Header Files</Filter>
    </ClInclude>
    <ClInclude Include="stdafx.h">
      <Filter>Header Files</Filter>
    </ClInclude>
    <ClInclude Include="surfacedata.h">
      <Filter>Header Files</Filter>
    </ClInclude>
    <ClInclude Include="surfaceeditpage.h">
      <Filter>Header Files</Filter>
    </ClInclude>
    <ClInclude Include="surfacepropertysheet.h">
      <Filter>Header Files</Filter>
    </ClInclude>
    <ClInclude Include="surfacesizepage.h">
      <Filter>Header Files</Filter>
    </ClInclude>
    <ClInclude Include="surveyleg.h">
      <Filter>Header Files</Filter>
    </ClInclude>
    <ClInclude Include="SurveySearchDialog.h">
      <Filter>Header Files</Filter>
    </ClInclude>
    <ClInclude Include="surveyshot.h">
      <Filter>Header Files</Filter>
    </ClInclude>
    <ClInclude Include="targetver.h">
      <Filter>Header Files</Filter>
    </ClInclude>
    <ClInclude Include="TipDialog.h">
      <Filter>Header Files</Filter>
    </ClInclude>
    <ClInclude Include="TipOfTheDay.h">
      <Filter>Header Files</Filter>
    </ClInclude>
    <ClInclude Include="TitleBoxSetup.h">
      <Filter>Header Files</Filter>
    </ClInclude>
    <ClInclude Include="TreeHelper.h">
      <Filter>Header Files</Filter>
    </ClInclude>
    <ClInclude Include="viewanglepage.h">
      <Filter>Header Files</Filter>
    </ClInclude>
    <ClInclude Include="viewscalepage.h">
      <Filter>Header Files</Filter>
    </ClInclude>
    <ClInclude Include="Viewtab.h">
      <Filter>Header Files</Filter>
    </ClInclude>
    <ClInclude Include="WaitForClosureDialog.h">
      <Filter>Header Files</Filter>
    </ClInclude>
    <ClInclude Include="GridCtrl\CellRange.h">
      <Filter>Header Files</Filter>
    </ClInclude>
    <ClInclude Include="GridCtrl\GridCell.h">
      <Filter>Header Files</Filter>
    </ClInclude>
    <ClInclude Include="GridCtrl\GridCellBase.h">
      <Filter>Header Files</Filter>
    </ClInclude>
    <ClInclude Include="GridCtrl\GridCtrl.h">
      <Filter>Header Files</Filter>
    </ClInclude>
    <ClInclude Include="GridCtrl\GridDropTarget.h">
      <Filter>Header Files</Filter>
    </ClInclude>
    <ClInclude Include="GridCtrl\InPlaceEdit.h">
      <Filter>Header Files</Filter>
    </ClInclude>
    <ClInclude Include="GridCtrl\MemDC.h">
      <Filter>Header Files</Filter>
    </ClInclude>
    <ClInclude Include="GridCtrl\TitleTip.h">
      <Filter>Header Files</Filter>
    </ClInclude>
    <ClInclude Include="EditableGrid.h">
      <Filter>Header Files</Filter>
    </ClInclude>
    <ClInclude Include="resource.h">
      <Filter>Header Files</Filter>
    </ClInclude>
  </ItemGroup>
  <ItemGroup>
    <None Include="res\BITMAP1.bmp">
      <Filter>Resource Files</Filter>
    </None>
    <None Include="res\bitmap3.bmp">
      <Filter>Resource Files</Filter>
    </None>
    <None Include="res\bitmappi.bmp">
      <Filter>Resource Files</Filter>
    </None>
    <None Include="res\BMFOLDER.bmp">
      <Filter>Resource Files</Filter>
    </None>
    <None Include="res\bmp00001.bmp">
      <Filter>Resource Files</Filter>
    </None>
    <None Include="res\bmp00002.bmp">
      <Filter>Resource Files</Filter>
    </None>
    <None Include="res\bmp00003.bmp">
      <Filter>Resource Files</Filter>
    </None>
    <None Include="res\bmp00004.bmp">
      <Filter>Resource Files</Filter>
    </None>
    <None Include="res\bmp00005.bmp">
      <Filter>Resource Files</Filter>
    </None>
    <None Include="res\bmp00006.bmp">
      <Filter>Resource Files</Filter>
    </None>
    <None Include="res\bmp00007.bmp">
      <Filter>Resource Files</Filter>
    </None>
    <None Include="res\bmp00008.bmp">
      <Filter>Resource Files</Filter>
    </None>
    <None Include="res\compass.bmp">
      <Filter>Resource Files</Filter>
    </None>
    <None Include="res\cur00001.cur">
      <Filter>Resource Files</Filter>
    </None>
    <None Include="res\downarrowd.bmp">
      <Filter>Resource Files</Filter>
    </None>
    <None Include="res\downarrowu.bmp">
      <Filter>Resource Files</Filter>
    </None>
    <None Include="res\DRAGDROP.cur">
      <Filter>Resource Files</Filter>
    </None>
    <None Include="res\help.cur">
      <Filter>Resource Files</Filter>
    </None>
    <None Include="res\idr_onst.ico">
      <Filter>Resource Files</Filter>
    </None>
    <None Include="res\litebulb.bmp">
      <Filter>Resource Files</Filter>
    </None>
    <None Include="res\mainfram.bmp">
      <Filter>Resource Files</Filter>
    </None>
    <None Include="res\move4way.cur">
      <Filter>Resource Files</Filter>
    </None>
    <None Include="res\nodrop.cur">
      <Filter>Resource Files</Filter>
    </None>
    <None Include="res\OnStation.ico">
      <Filter>Resource Files</Filter>
    </None>
    <None Include="res\OnStation.rc2">
      <Filter>Resource Files</Filter>
    </None>
    <None Include="res\OnStationDoc.ico">
      <Filter>Resource Files</Filter>
    </None>
    <None Include="res\Rotleftd.bmp">
      <Filter>Resource Files</Filter>
    </None>
    <None Include="res\rotleftu.bmp">
      <Filter>Resource Files</Filter>
    </None>
    <None Include="res\rotrightd.bmp">
      <Filter>Resource Files</Filter>
    </None>
    <None Include="res\rotrightu.bmp">
      <Filter>Resource Files</Filter>
    </None>
    <None Include="res\sarrows.cur">
      <Filter>Resource Files</Filter>
    </None>
    <None Include="res\spinbmp1.bmp">
      <Filter>Resource Files</Filter>
    </None>
    <None Include="res\splith.cur">
      <Filter>Resource Files</Filter>
    </None>
    <None Include="res\splitv.cur">
      <Filter>Resource Files</Filter>
    </None>
    <None Include="res\TITLEIMA.bmp">
      <Filter>Resource Files</Filter>
    </None>
    <None Include="res\Toolbar.bmp">
      <Filter>Resource Files</Filter>
    </None>
    <None Include="res\toolbar1.bmp">
      <Filter>Resource Files</Filter>
    </None>
    <None Include="res\trck4way.cur">
      <Filter>Resource Files</Filter>
    </None>
    <None Include="res\trcknesw.cur">
      <Filter>Resource Files</Filter>
    </None>
    <None Include="res\trckns.cur">
      <Filter>Resource Files</Filter>
    </None>
    <None Include="res\trcknwse.cur">
      <Filter>Resource Files</Filter>
    </None>
    <None Include="res\trckwe.cur">
      <Filter>Resource Files</Filter>
    </None>
    <None Include="res\uparrowd.bmp">
      <Filter>Resource Files</Filter>
    </None>
    <None Include="res\uparrowu.bmp">
      <Filter>Resource Files</Filter>
    </None>
    <None Include="OnStation.reg" />
    <None Include="ReadMe.txt" />
    <None Include="RATSNEST.cdi" />
    <None Include="tips.txt" />
    <None Include="res\icon1.ico">
      <Filter>Resource Files</Filter>
    </None>
  </ItemGroup>
  <ItemGroup>
    <ResourceCompile Include="res\OnStation.rc">
      <Filter>Resource Files</Filter>
    </ResourceCompile>
  </ItemGroup>
</Project>